
Microsoft Visual Studio Solution File, Format Version 12.00
# Visual Studio 2013
VisualStudioVersion = 12.0.30723.0
MinimumVisualStudioVersion = 10.0.40219.1
Project("{FAE04EC0-301F-11D3-BF4B-00C04F79EFBC}") = "CommerceStarterKit.Core", "src\common\Core\CommerceStarterKit.Core.csproj", "{01A92F8F-E704-4F78-8DCA-67E76B8A6CCF}"
EndProject
Project("{2150E333-8FDC-42A3-9474-1A3956D46DE8}") = "Workflow", "Workflow", "{2DA9D9C0-BFD5-4CA4-B93E-1AAC7CD54853}"
EndProject
Project("{FAE04EC0-301F-11D3-BF4B-00C04F79EFBC}") = "CommerceStarterKit.Commerce", "src\commerce\CommerceStarterKit.Commerce.csproj", "{20146EB5-4361-4F8F-B81F-FBCF5A0A9F26}"
EndProject
Project("{FAE04EC0-301F-11D3-BF4B-00C04F79EFBC}") = "CommerceStarterKit.Web", "src\web\CommerceStarterKit.Web.csproj", "{1502E55F-A6D6-490F-8AE9-2E83F768BE44}"
EndProject
Project("{FAE04EC0-301F-11D3-BF4B-00C04F79EFBC}") = "EPiCode.Commerce.Workflow", "src\common\Mediachase.Commerce.Workflow\EPiCode.Commerce.Workflow.csproj", "{413287F6-D606-4F42-BA25-4377A2C581F9}"
	ProjectSection(ProjectDependencies) = postProject
		{B7957825-3E86-4EA6-8CF3-9BDF7DC8C7A6} = {B7957825-3E86-4EA6-8CF3-9BDF7DC8C7A6}
	EndProjectSection
EndProject
Project("{FAE04EC0-301F-11D3-BF4B-00C04F79EFBC}") = "EPiCode.Commerce.Workflow.Activities", "src\common\Mediachase.Commerce.Workflow.Activities\EPiCode.Commerce.Workflow.Activities.csproj", "{B7957825-3E86-4EA6-8CF3-9BDF7DC8C7A6}"
EndProject
Global
	GlobalSection(SolutionConfigurationPlatforms) = preSolution
		Debug|Any CPU = Debug|Any CPU
		Debug|Mixed Platforms = Debug|Mixed Platforms
		Debug|x86 = Debug|x86
		Release|Any CPU = Release|Any CPU
		Release|Mixed Platforms = Release|Mixed Platforms
		Release|x86 = Release|x86
	EndGlobalSection
	GlobalSection(ProjectConfigurationPlatforms) = postSolution
		{01A92F8F-E704-4F78-8DCA-67E76B8A6CCF}.Debug|Any CPU.ActiveCfg = Debug|Any CPU
		{01A92F8F-E704-4F78-8DCA-67E76B8A6CCF}.Debug|Any CPU.Build.0 = Debug|Any CPU
		{01A92F8F-E704-4F78-8DCA-67E76B8A6CCF}.Debug|Mixed Platforms.ActiveCfg = Debug|Any CPU
		{01A92F8F-E704-4F78-8DCA-67E76B8A6CCF}.Debug|Mixed Platforms.Build.0 = Debug|Any CPU
		{01A92F8F-E704-4F78-8DCA-67E76B8A6CCF}.Debug|x86.ActiveCfg = Debug|Any CPU
		{01A92F8F-E704-4F78-8DCA-67E76B8A6CCF}.Release|Any CPU.ActiveCfg = Release|Any CPU
		{01A92F8F-E704-4F78-8DCA-67E76B8A6CCF}.Release|Any CPU.Build.0 = Release|Any CPU
		{01A92F8F-E704-4F78-8DCA-67E76B8A6CCF}.Release|Mixed Platforms.ActiveCfg = Release|Any CPU
		{01A92F8F-E704-4F78-8DCA-67E76B8A6CCF}.Release|Mixed Platforms.Build.0 = Release|Any CPU
		{01A92F8F-E704-4F78-8DCA-67E76B8A6CCF}.Release|x86.ActiveCfg = Release|Any CPU
		{20146EB5-4361-4F8F-B81F-FBCF5A0A9F26}.Debug|Any CPU.ActiveCfg = Debug|Any CPU
		{20146EB5-4361-4F8F-B81F-FBCF5A0A9F26}.Debug|Any CPU.Build.0 = Debug|Any CPU
		{20146EB5-4361-4F8F-B81F-FBCF5A0A9F26}.Debug|Mixed Platforms.ActiveCfg = Debug|Any CPU
		{20146EB5-4361-4F8F-B81F-FBCF5A0A9F26}.Debug|Mixed Platforms.Build.0 = Debug|Any CPU
		{20146EB5-4361-4F8F-B81F-FBCF5A0A9F26}.Debug|x86.ActiveCfg = Debug|Any CPU
		{20146EB5-4361-4F8F-B81F-FBCF5A0A9F26}.Release|Any CPU.ActiveCfg = Release|Any CPU
		{20146EB5-4361-4F8F-B81F-FBCF5A0A9F26}.Release|Any CPU.Build.0 = Release|Any CPU
		{20146EB5-4361-4F8F-B81F-FBCF5A0A9F26}.Release|Mixed Platforms.ActiveCfg = Release|Any CPU
		{20146EB5-4361-4F8F-B81F-FBCF5A0A9F26}.Release|Mixed Platforms.Build.0 = Release|Any CPU
		{20146EB5-4361-4F8F-B81F-FBCF5A0A9F26}.Release|x86.ActiveCfg = Release|Any CPU
		{1502E55F-A6D6-490F-8AE9-2E83F768BE44}.Debug|Any CPU.ActiveCfg = Debug|Any CPU
		{1502E55F-A6D6-490F-8AE9-2E83F768BE44}.Debug|Any CPU.Build.0 = Debug|Any CPU
		{1502E55F-A6D6-490F-8AE9-2E83F768BE44}.Debug|Mixed Platforms.ActiveCfg = Debug|Any CPU
		{1502E55F-A6D6-490F-8AE9-2E83F768BE44}.Debug|Mixed Platforms.Build.0 = Debug|Any CPU
		{1502E55F-A6D6-490F-8AE9-2E83F768BE44}.Debug|x86.ActiveCfg = Debug|Any CPU
		{1502E55F-A6D6-490F-8AE9-2E83F768BE44}.Release|Any CPU.ActiveCfg = Release|Any CPU
		{1502E55F-A6D6-490F-8AE9-2E83F768BE44}.Release|Any CPU.Build.0 = Release|Any CPU
		{1502E55F-A6D6-490F-8AE9-2E83F768BE44}.Release|Mixed Platforms.ActiveCfg = Release|Any CPU
		{1502E55F-A6D6-490F-8AE9-2E83F768BE44}.Release|Mixed Platforms.Build.0 = Release|Any CPU
		{1502E55F-A6D6-490F-8AE9-2E83F768BE44}.Release|x86.ActiveCfg = Release|Any CPU
		{413287F6-D606-4F42-BA25-4377A2C581F9}.Debug|Any CPU.ActiveCfg = Debug|Any CPU
		{413287F6-D606-4F42-BA25-4377A2C581F9}.Debug|Any CPU.Build.0 = Debug|Any CPU
		{413287F6-D606-4F42-BA25-4377A2C581F9}.Debug|Mixed Platforms.ActiveCfg = Debug|Any CPU
		{413287F6-D606-4F42-BA25-4377A2C581F9}.Debug|Mixed Platforms.Build.0 = Debug|Any CPU
		{413287F6-D606-4F42-BA25-4377A2C581F9}.Debug|x86.ActiveCfg = Debug|Any CPU
		{413287F6-D606-4F42-BA25-4377A2C581F9}.Release|Any CPU.ActiveCfg = Release|Any CPU
		{413287F6-D606-4F42-BA25-4377A2C581F9}.Release|Any CPU.Build.0 = Release|Any CPU
		{413287F6-D606-4F42-BA25-4377A2C581F9}.Release|Mixed Platforms.ActiveCfg = Release|Any CPU
		{413287F6-D606-4F42-BA25-4377A2C581F9}.Release|Mixed Platforms.Build.0 = Release|Any CPU
		{413287F6-D606-4F42-BA25-4377A2C581F9}.Release|x86.ActiveCfg = Release|Any CPU
		{B7957825-3E86-4EA6-8CF3-9BDF7DC8C7A6}.Debug|Any CPU.ActiveCfg = Debug|Any CPU
		{B7957825-3E86-4EA6-8CF3-9BDF7DC8C7A6}.Debug|Any CPU.Build.0 = Debug|Any CPU
		{B7957825-3E86-4EA6-8CF3-9BDF7DC8C7A6}.Debug|Mixed Platforms.ActiveCfg = Debug|Any CPU
		{B7957825-3E86-4EA6-8CF3-9BDF7DC8C7A6}.Debug|Mixed Platforms.Build.0 = Debug|Any CPU
		{B7957825-3E86-4EA6-8CF3-9BDF7DC8C7A6}.Debug|x86.ActiveCfg = Debug|Any CPU
		{B7957825-3E86-4EA6-8CF3-9BDF7DC8C7A6}.Release|Any CPU.ActiveCfg = Release|Any CPU
		{B7957825-3E86-4EA6-8CF3-9BDF7DC8C7A6}.Release|Any CPU.Build.0 = Release|Any CPU
		{B7957825-3E86-4EA6-8CF3-9BDF7DC8C7A6}.Release|Mixed Platforms.ActiveCfg = Release|Any CPU
		{B7957825-3E86-4EA6-8CF3-9BDF7DC8C7A6}.Release|Mixed Platforms.Build.0 = Release|Any CPU
		{B7957825-3E86-4EA6-8CF3-9BDF7DC8C7A6}.Release|x86.ActiveCfg = Release|Any CPU
	EndGlobalSection
	GlobalSection(SolutionProperties) = preSolution
		HideSolutionNode = FALSE
	EndGlobalSection
	GlobalSection(NestedProjects) = preSolution
		{413287F6-D606-4F42-BA25-4377A2C581F9} = {2DA9D9C0-BFD5-4CA4-B93E-1AAC7CD54853}
		{B7957825-3E86-4EA6-8CF3-9BDF7DC8C7A6} = {2DA9D9C0-BFD5-4CA4-B93E-1AAC7CD54853}
	EndGlobalSection
EndGlobal
